
Microsoft Visual Studio Solution File, Format Version 12.00
# Visual Studio Version 17
VisualStudioVersion = 17.0.32014.148
MinimumVisualStudioVersion = 10.0.40219.1
Project("{9A19103F-16F7-4668-BE54-9A1E7A4F7556}") = "My-Books", "My-Books\My-Books.csproj", "{5F9580B3-F7DB-4132-AD7A-4929A449C581}"
EndProject
Project("{9A19103F-16F7-4668-BE54-9A1E7A4F7556}") = "TestProject", "TestProject\TestProject.csproj", "{8FFCE503-886D-406D-8B9F-F92BC235AC4E}"
EndProject
Global
	GlobalSection(SolutionConfigurationPlatforms) = preSolution
		Debug|Any CPU = Debug|Any CPU
		Release|Any CPU = Release|Any CPU
	EndGlobalSection
	GlobalSection(ProjectConfigurationPlatforms) = postSolution
		{5F9580B3-F7DB-4132-AD7A-4929A449C581}.Debug|Any CPU.ActiveCfg = Debug|Any CPU
		{5F9580B3-F7DB-4132-AD7A-4929A449C581}.Debug|Any CPU.Build.0 = Debug|Any CPU
		{5F9580B3-F7DB-4132-AD7A-4929A449C581}.Release|Any CPU.ActiveCfg = Release|Any CPU
		{5F9580B3-F7DB-4132-AD7A-4929A449C581}.Release|Any CPU.Build.0 = Release|Any CPU
		{8FFCE503-886D-406D-8B9F-F92BC235AC4E}.Debug|Any CPU.ActiveCfg = Debug|Any CPU
		{8FFCE503-886D-406D-8B9F-F92BC235AC4E}.Debug|Any CPU.Build.0 = Debug|Any CPU
		{8FFCE503-886D-406D-8B9F-F92BC235AC4E}.Release|Any CPU.ActiveCfg = Release|Any CPU
		{8FFCE503-886D-406D-8B9F-F92BC235AC4E}.Release|Any CPU.Build.0 = Release|Any CPU
	EndGlobalSection
	GlobalSection(SolutionProperties) = preSolution
		HideSolutionNode = FALSE
	EndGlobalSection
	GlobalSection(ExtensibilityGlobals) = postSolution
		SolutionGuid = {5B1BA653-C9A5-4B5E-9C3F-AF0072927ED9}
	EndGlobalSection
EndGlobal
